
Microsoft Visual Studio Solution File, Format Version 12.00
# Visual Studio 15
VisualStudioVersion = 15.0.28010.2036
MinimumVisualStudioVersion = 10.0.40219.1
Project("{FAE04EC0-301F-11D3-BF4B-00C04F79EFBC}") = "agenda-angularjs", "agenda-angularjs\agenda-angularjs.csproj", "{D525FFCC-477B-406B-9AF9-1C18733F4208}"
EndProject
Global
	GlobalSection(SolutionConfigurationPlatforms) = preSolution
		Debug|Any CPU = Debug|Any CPU
		Release|Any CPU = Release|Any CPU
	EndGlobalSection
	GlobalSection(ProjectConfigurationPlatforms) = postSolution
		{D525FFCC-477B-406B-9AF9-1C18733F4208}.Debug|Any CPU.ActiveCfg = Debug|Any CPU
		{D525FFCC-477B-406B-9AF9-1C18733F4208}.Debug|Any CPU.Build.0 = Debug|Any CPU
		{D525FFCC-477B-406B-9AF9-1C18733F4208}.Release|Any CPU.ActiveCfg = Release|Any CPU
		{D525FFCC-477B-406B-9AF9-1C18733F4208}.Release|Any CPU.Build.0 = Release|Any CPU
	EndGlobalSection
	GlobalSection(SolutionProperties) = preSolution
		HideSolutionNode = FALSE
	EndGlobalSection
	GlobalSection(ExtensibilityGlobals) = postSolution
		SolutionGuid = {AB1CCF45-5539-44CD-8FD0-D6014A389336}
	EndGlobalSection
EndGlobal
